
Microsoft Visual Studio Solution File, Format Version 12.00
# Visual Studio 14
VisualStudioVersion = 14.0.25420.1
MinimumVisualStudioVersion = 10.0.40219.1
Project("{FAE04EC0-301F-11D3-BF4B-00C04F79EFBC}") = "MongoQueue.Core", "MongoQueue.Core\MongoQueue.Core.csproj", "{6784C9FF-07BC-42AF-B261-2DEA955B6C82}"
EndProject
Project("{FAE04EC0-301F-11D3-BF4B-00C04F79EFBC}") = "MongoQueue", "MongoQueue\MongoQueue.csproj", "{F21221D6-08E3-4168-97CC-579F4AF96EC4}"
EndProject
Project("{FAE04EC0-301F-11D3-BF4B-00C04F79EFBC}") = "MongoQueue.Legacy", "MongoQueue.Legacy\MongoQueue.Legacy.csproj", "{0F118DCF-48E5-42B5-AC8C-15160AD70611}"
EndProject
Project("{2150E333-8FDC-42A3-9474-1A3956D46DE8}") = "Demo", "Demo", "{BD669A13-EACB-4D36-95F2-1227779F55CE}"
EndProject
Project("{2150E333-8FDC-42A3-9474-1A3956D46DE8}") = "LegacyDemo", "LegacyDemo", "{5EB42D76-FB02-44BE-A980-0E243474CF02}"
EndProject
Project("{2150E333-8FDC-42A3-9474-1A3956D46DE8}") = "Tests", "Tests", "{48904519-E50B-4ABB-B786-57D78AF4A8A0}"
EndProject
Project("{FAE04EC0-301F-11D3-BF4B-00C04F79EFBC}") = "MongoQueue.Autofac", "MongoQueue.Autofac\MongoQueue.Autofac.csproj", "{3B76649E-7EE0-4E14-B982-D3DE96BCA833}"
EndProject
Project("{FAE04EC0-301F-11D3-BF4B-00C04F79EFBC}") = "MongoQueueReader", "Demo\FirstReader\MongoQueueReader.csproj", "{41720D3F-CC32-4B10-877E-8EF51EF23155}"
EndProject
Project("{FAE04EC0-301F-11D3-BF4B-00C04F79EFBC}") = "MessageWriter", "Demo\MessageWriter\MessageWriter.csproj", "{553DEC98-04DF-4030-A455-E9BEBFEA17B8}"
EndProject
Project("{FAE04EC0-301F-11D3-BF4B-00C04F79EFBC}") = "SecondReader", "Demo\SecondReader\SecondReader.csproj", "{2FFED735-4130-46ED-A8A2-BFA7C817489D}"
EndProject
Project("{FAE04EC0-301F-11D3-BF4B-00C04F79EFBC}") = "LegacyReader", "LegacyDemo\LegacyReader\LegacyReader.csproj", "{E7F3522C-024E-4A69-AF24-11E59CCE44FE}"
EndProject
Project("{FAE04EC0-301F-11D3-BF4B-00C04F79EFBC}") = "LegacyWriter", "LegacyDemo\LegacyWriter\LegacyWriter.csproj", "{466A38DC-6278-4311-8024-A78D747D2E09}"
EndProject
Project("{FAE04EC0-301F-11D3-BF4B-00C04F79EFBC}") = "SecondLegacyReader", "LegacyDemo\SecondLegacyReader\SecondLegacyReader.csproj", "{67E655A1-5D64-456B-B8BD-836E40E511E1}"
EndProject
Project("{FAE04EC0-301F-11D3-BF4B-00C04F79EFBC}") = "MongoQueueTests", "Tests\MongoQueueTests\MongoQueueTests.csproj", "{DD484D6E-34A1-49CF-9CEF-63B9AA01D220}"
EndProject
Project("{FAE04EC0-301F-11D3-BF4B-00C04F79EFBC}") = "MongoQueueTests.Common", "Tests\MongoQueueTests.Common\MongoQueueTests.Common.csproj", "{1D27A7E0-5ACF-42E4-9DF4-C52ECE605B03}"
EndProject
Project("{FAE04EC0-301F-11D3-BF4B-00C04F79EFBC}") = "MongoQueueTests.Legacy", "Tests\MongoQueueTests.Legacy\MongoQueueTests.Legacy.csproj", "{6176FA62-A8C5-4183-9EAA-A6CD11A139B0}"
EndProject
Project("{2150E333-8FDC-42A3-9474-1A3956D46DE8}") = "Nuget", "Nuget", "{F19101BF-2B26-49C4-89BB-82A7F90C8FD2}"
EndProject
Project("{FF286327-C783-4F7A-AB73-9BCBAD0D4460}") = "NuGet.MongoDBQueue", "Nuget\NuGet.MongoDBQueue\NuGet.MongoDBQueue.nuproj", "{11CA7974-FC01-42CF-BF56-C114CB4FD81B}"
EndProject
Project("{FF286327-C783-4F7A-AB73-9BCBAD0D4460}") = "NuGet.MongoDBQueue.Legacy", "Nuget\NuGet.MongoDBQueue.Legacy\NuGet.MongoDBQueue.Legacy.nuproj", "{40CEA4AB-83CF-420D-B958-9A2F8AD20F0E}"
EndProject
Global
	GlobalSection(SolutionConfigurationPlatforms) = preSolution
		Debug|Any CPU = Debug|Any CPU
		Release|Any CPU = Release|Any CPU
	EndGlobalSection
	GlobalSection(ProjectConfigurationPlatforms) = postSolution
		{6784C9FF-07BC-42AF-B261-2DEA955B6C82}.Debug|Any CPU.ActiveCfg = Debug|Any CPU
		{6784C9FF-07BC-42AF-B261-2DEA955B6C82}.Debug|Any CPU.Build.0 = Debug|Any CPU
		{6784C9FF-07BC-42AF-B261-2DEA955B6C82}.Release|Any CPU.ActiveCfg = Release|Any CPU
		{6784C9FF-07BC-42AF-B261-2DEA955B6C82}.Release|Any CPU.Build.0 = Release|Any CPU
		{F21221D6-08E3-4168-97CC-579F4AF96EC4}.Debug|Any CPU.ActiveCfg = Debug|Any CPU
		{F21221D6-08E3-4168-97CC-579F4AF96EC4}.Debug|Any CPU.Build.0 = Debug|Any CPU
		{F21221D6-08E3-4168-97CC-579F4AF96EC4}.Release|Any CPU.ActiveCfg = Release|Any CPU
		{F21221D6-08E3-4168-97CC-579F4AF96EC4}.Release|Any CPU.Build.0 = Release|Any CPU
		{0F118DCF-48E5-42B5-AC8C-15160AD70611}.Debug|Any CPU.ActiveCfg = Debug|Any CPU
		{0F118DCF-48E5-42B5-AC8C-15160AD70611}.Debug|Any CPU.Build.0 = Debug|Any CPU
		{0F118DCF-48E5-42B5-AC8C-15160AD70611}.Release|Any CPU.ActiveCfg = Release|Any CPU
		{0F118DCF-48E5-42B5-AC8C-15160AD70611}.Release|Any CPU.Build.0 = Release|Any CPU
		{3B76649E-7EE0-4E14-B982-D3DE96BCA833}.Debug|Any CPU.ActiveCfg = Debug|Any CPU
		{3B76649E-7EE0-4E14-B982-D3DE96BCA833}.Debug|Any CPU.Build.0 = Debug|Any CPU
		{3B76649E-7EE0-4E14-B982-D3DE96BCA833}.Release|Any CPU.ActiveCfg = Release|Any CPU
		{3B76649E-7EE0-4E14-B982-D3DE96BCA833}.Release|Any CPU.Build.0 = Release|Any CPU
		{41720D3F-CC32-4B10-877E-8EF51EF23155}.Debug|Any CPU.ActiveCfg = Debug|Any CPU
		{41720D3F-CC32-4B10-877E-8EF51EF23155}.Debug|Any CPU.Build.0 = Debug|Any CPU
		{41720D3F-CC32-4B10-877E-8EF51EF23155}.Release|Any CPU.ActiveCfg = Release|Any CPU
		{41720D3F-CC32-4B10-877E-8EF51EF23155}.Release|Any CPU.Build.0 = Release|Any CPU
		{553DEC98-04DF-4030-A455-E9BEBFEA17B8}.Debug|Any CPU.ActiveCfg = Debug|Any CPU
		{553DEC98-04DF-4030-A455-E9BEBFEA17B8}.Debug|Any CPU.Build.0 = Debug|Any CPU
		{553DEC98-04DF-4030-A455-E9BEBFEA17B8}.Release|Any CPU.ActiveCfg = Release|Any CPU
		{553DEC98-04DF-4030-A455-E9BEBFEA17B8}.Release|Any CPU.Build.0 = Release|Any CPU
		{2FFED735-4130-46ED-A8A2-BFA7C817489D}.Debug|Any CPU.ActiveCfg = Debug|Any CPU
		{2FFED735-4130-46ED-A8A2-BFA7C817489D}.Debug|Any CPU.Build.0 = Debug|Any CPU
		{2FFED735-4130-46ED-A8A2-BFA7C817489D}.Release|Any CPU.ActiveCfg = Release|Any CPU
		{2FFED735-4130-46ED-A8A2-BFA7C817489D}.Release|Any CPU.Build.0 = Release|Any CPU
		{E7F3522C-024E-4A69-AF24-11E59CCE44FE}.Debug|Any CPU.ActiveCfg = Debug|Any CPU
		{E7F3522C-024E-4A69-AF24-11E59CCE44FE}.Debug|Any CPU.Build.0 = Debug|Any CPU
		{E7F3522C-024E-4A69-AF24-11E59CCE44FE}.Release|Any CPU.ActiveCfg = Release|Any CPU
		{E7F3522C-024E-4A69-AF24-11E59CCE44FE}.Release|Any CPU.Build.0 = Release|Any CPU
		{466A38DC-6278-4311-8024-A78D747D2E09}.Debug|Any CPU.ActiveCfg = Debug|Any CPU
		{466A38DC-6278-4311-8024-A78D747D2E09}.Debug|Any CPU.Build.0 = Debug|Any CPU
		{466A38DC-6278-4311-8024-A78D747D2E09}.Release|Any CPU.ActiveCfg = Release|Any CPU
		{466A38DC-6278-4311-8024-A78D747D2E09}.Release|Any CPU.Build.0 = Release|Any CPU
		{67E655A1-5D64-456B-B8BD-836E40E511E1}.Debug|Any CPU.ActiveCfg = Debug|Any CPU
		{67E655A1-5D64-456B-B8BD-836E40E511E1}.Debug|Any CPU.Build.0 = Debug|Any CPU
		{67E655A1-5D64-456B-B8BD-836E40E511E1}.Release|Any CPU.ActiveCfg = Release|Any CPU
		{67E655A1-5D64-456B-B8BD-836E40E511E1}.Release|Any CPU.Build.0 = Release|Any CPU
		{DD484D6E-34A1-49CF-9CEF-63B9AA01D220}.Debug|Any CPU.ActiveCfg = Debug|Any CPU
		{DD484D6E-34A1-49CF-9CEF-63B9AA01D220}.Debug|Any CPU.Build.0 = Debug|Any CPU
		{DD484D6E-34A1-49CF-9CEF-63B9AA01D220}.Release|Any CPU.ActiveCfg = Release|Any CPU
		{DD484D6E-34A1-49CF-9CEF-63B9AA01D220}.Release|Any CPU.Build.0 = Release|Any CPU
		{1D27A7E0-5ACF-42E4-9DF4-C52ECE605B03}.Debug|Any CPU.ActiveCfg = Debug|Any CPU
		{1D27A7E0-5ACF-42E4-9DF4-C52ECE605B03}.Debug|Any CPU.Build.0 = Debug|Any CPU
		{1D27A7E0-5ACF-42E4-9DF4-C52ECE605B03}.Release|Any CPU.ActiveCfg = Release|Any CPU
		{1D27A7E0-5ACF-42E4-9DF4-C52ECE605B03}.Release|Any CPU.Build.0 = Release|Any CPU
		{6176FA62-A8C5-4183-9EAA-A6CD11A139B0}.Debug|Any CPU.ActiveCfg = Debug|Any CPU
		{6176FA62-A8C5-4183-9EAA-A6CD11A139B0}.Debug|Any CPU.Build.0 = Debug|Any CPU
		{6176FA62-A8C5-4183-9EAA-A6CD11A139B0}.Release|Any CPU.ActiveCfg = Release|Any CPU
		{6176FA62-A8C5-4183-9EAA-A6CD11A139B0}.Release|Any CPU.Build.0 = Release|Any CPU
		{11CA7974-FC01-42CF-BF56-C114CB4FD81B}.Debug|Any CPU.ActiveCfg = Debug|Any CPU
		{11CA7974-FC01-42CF-BF56-C114CB4FD81B}.Debug|Any CPU.Build.0 = Debug|Any CPU
		{11CA7974-FC01-42CF-BF56-C114CB4FD81B}.Release|Any CPU.ActiveCfg = Release|Any CPU
		{11CA7974-FC01-42CF-BF56-C114CB4FD81B}.Release|Any CPU.Build.0 = Release|Any CPU
		{40CEA4AB-83CF-420D-B958-9A2F8AD20F0E}.Debug|Any CPU.ActiveCfg = Debug|Any CPU
		{40CEA4AB-83CF-420D-B958-9A2F8AD20F0E}.Debug|Any CPU.Build.0 = Debug|Any CPU
		{40CEA4AB-83CF-420D-B958-9A2F8AD20F0E}.Release|Any CPU.ActiveCfg = Release|Any CPU
		{40CEA4AB-83CF-420D-B958-9A2F8AD20F0E}.Release|Any CPU.Build.0 = Release|Any CPU
	EndGlobalSection
	GlobalSection(SolutionProperties) = preSolution
		HideSolutionNode = FALSE
	EndGlobalSection
	GlobalSection(NestedProjects) = preSolution
		{41720D3F-CC32-4B10-877E-8EF51EF23155} = {BD669A13-EACB-4D36-95F2-1227779F55CE}
		{553DEC98-04DF-4030-A455-E9BEBFEA17B8} = {BD669A13-EACB-4D36-95F2-1227779F55CE}
		{2FFED735-4130-46ED-A8A2-BFA7C817489D} = {BD669A13-EACB-4D36-95F2-1227779F55CE}
		{E7F3522C-024E-4A69-AF24-11E59CCE44FE} = {5EB42D76-FB02-44BE-A980-0E243474CF02}
		{466A38DC-6278-4311-8024-A78D747D2E09} = {5EB42D76-FB02-44BE-A980-0E243474CF02}
		{67E655A1-5D64-456B-B8BD-836E40E511E1} = {5EB42D76-FB02-44BE-A980-0E243474CF02}
		{DD484D6E-34A1-49CF-9CEF-63B9AA01D220} = {48904519-E50B-4ABB-B786-57D78AF4A8A0}
		{1D27A7E0-5ACF-42E4-9DF4-C52ECE605B03} = {48904519-E50B-4ABB-B786-57D78AF4A8A0}
		{6176FA62-A8C5-4183-9EAA-A6CD11A139B0} = {48904519-E50B-4ABB-B786-57D78AF4A8A0}
		{11CA7974-FC01-42CF-BF56-C114CB4FD81B} = {F19101BF-2B26-49C4-89BB-82A7F90C8FD2}
		{40CEA4AB-83CF-420D-B958-9A2F8AD20F0E} = {F19101BF-2B26-49C4-89BB-82A7F90C8FD2}
	EndGlobalSection
EndGlobal
